
Microsoft Visual Studio Solution File, Format Version 12.00
# Visual Studio Version 17
VisualStudioVersion = 17.1.32414.318
MinimumVisualStudioVersion = 10.0.40219.1
Project("{FAE04EC0-301F-11D3-BF4B-00C04F79EFBC}") = "FACADE", "FACADE\FACADE.csproj", "{0786EB10-4C60-44B9-B1FA-6C53C96DE9A7}"
EndProject
Global
	GlobalSection(SolutionConfigurationPlatforms) = preSolution
		Debug|Any CPU = Debug|Any CPU
		Release|Any CPU = Release|Any CPU
	EndGlobalSection
	GlobalSection(ProjectConfigurationPlatforms) = postSolution
		{0786EB10-4C60-44B9-B1FA-6C53C96DE9A7}.Debug|Any CPU.ActiveCfg = Debug|Any CPU
		{0786EB10-4C60-44B9-B1FA-6C53C96DE9A7}.Debug|Any CPU.Build.0 = Debug|Any CPU
		{0786EB10-4C60-44B9-B1FA-6C53C96DE9A7}.Release|Any CPU.ActiveCfg = Release|Any CPU
		{0786EB10-4C60-44B9-B1FA-6C53C96DE9A7}.Release|Any CPU.Build.0 = Release|Any CPU
	EndGlobalSection
	GlobalSection(SolutionProperties) = preSolution
		HideSolutionNode = FALSE
	EndGlobalSection
	GlobalSection(ExtensibilityGlobals) = postSolution
		SolutionGuid = {3AD63D55-3046-4420-AFA7-796AD4AC3248}
	EndGlobalSection
EndGlobal
