
Microsoft Visual Studio Solution File, Format Version 12.00
# Visual Studio Version 16
VisualStudioVersion = 16.0.31702.278
MinimumVisualStudioVersion = 10.0.40219.1
Project("{FAE04EC0-301F-11D3-BF4B-00C04F79EFBC}") = "Adapter", "Adapter\Adapter.csproj", "{337C3C99-38E9-4843-A39F-67B2DC19F674}"
EndProject
Global
	GlobalSection(SolutionConfigurationPlatforms) = preSolution
		Debug|Any CPU = Debug|Any CPU
		Release|Any CPU = Release|Any CPU
	EndGlobalSection
	GlobalSection(ProjectConfigurationPlatforms) = postSolution
		{337C3C99-38E9-4843-A39F-67B2DC19F674}.Debug|Any CPU.ActiveCfg = Debug|Any CPU
		{337C3C99-38E9-4843-A39F-67B2DC19F674}.Debug|Any CPU.Build.0 = Debug|Any CPU
		{337C3C99-38E9-4843-A39F-67B2DC19F674}.Release|Any CPU.ActiveCfg = Release|Any CPU
		{337C3C99-38E9-4843-A39F-67B2DC19F674}.Release|Any CPU.Build.0 = Release|Any CPU
	EndGlobalSection
	GlobalSection(SolutionProperties) = preSolution
		HideSolutionNode = FALSE
	EndGlobalSection
	GlobalSection(ExtensibilityGlobals) = postSolution
		SolutionGuid = {B615B306-6FE3-4E71-AAFF-C1A234E5B62C}
	EndGlobalSection
EndGlobal
